
Microsoft Visual Studio Solution File, Format Version 12.00
# Visual Studio Version 17
VisualStudioVersion = 17.3.32929.385
MinimumVisualStudioVersion = 10.0.40219.1
Project("{FAE04EC0-301F-11D3-BF4B-00C04F79EFBC}") = "GUI", "Gui\GUI.csproj", "{D3B8A9E3-062B-4042-A4F2-1B35E2889587}"
EndProject
Project("{FAE04EC0-301F-11D3-BF4B-00C04F79EFBC}") = "DTO", "DTO\DTO.csproj", "{49422165-B7AD-4D75-AA9F-5CB5E4F9D5FE}"
EndProject
Project("{FAE04EC0-301F-11D3-BF4B-00C04F79EFBC}") = "BUS", "DLL\BUS.csproj", "{C17A4115-F5E5-4EEC-A0CF-A052D158CF78}"
EndProject
Project("{FAE04EC0-301F-11D3-BF4B-00C04F79EFBC}") = "DAL", "DAL\DAL.csproj", "{DFC0A39A-743E-4863-A96B-F9384773695B}"
EndProject
Project("{FAE04EC0-301F-11D3-BF4B-00C04F79EFBC}") = "UnitTestProject1", "UnitTestProject1\UnitTestProject1.csproj", "{1AA40C70-5E51-45B7-A066-2A2F30F50A8A}"
EndProject
Global
	GlobalSection(SolutionConfigurationPlatforms) = preSolution
		Debug|Any CPU = Debug|Any CPU
		Release|Any CPU = Release|Any CPU
	EndGlobalSection
	GlobalSection(ProjectConfigurationPlatforms) = postSolution
		{D3B8A9E3-062B-4042-A4F2-1B35E2889587}.Debug|Any CPU.ActiveCfg = Debug|Any CPU
		{D3B8A9E3-062B-4042-A4F2-1B35E2889587}.Debug|Any CPU.Build.0 = Debug|Any CPU
		{D3B8A9E3-062B-4042-A4F2-1B35E2889587}.Release|Any CPU.ActiveCfg = Release|Any CPU
		{D3B8A9E3-062B-4042-A4F2-1B35E2889587}.Release|Any CPU.Build.0 = Release|Any CPU
		{49422165-B7AD-4D75-AA9F-5CB5E4F9D5FE}.Debug|Any CPU.ActiveCfg = Debug|Any CPU
		{49422165-B7AD-4D75-AA9F-5CB5E4F9D5FE}.Debug|Any CPU.Build.0 = Debug|Any CPU
		{49422165-B7AD-4D75-AA9F-5CB5E4F9D5FE}.Release|Any CPU.ActiveCfg = Release|Any CPU
		{49422165-B7AD-4D75-AA9F-5CB5E4F9D5FE}.Release|Any CPU.Build.0 = Release|Any CPU
		{C17A4115-F5E5-4EEC-A0CF-A052D158CF78}.Debug|Any CPU.ActiveCfg = Debug|Any CPU
		{C17A4115-F5E5-4EEC-A0CF-A052D158CF78}.Debug|Any CPU.Build.0 = Debug|Any CPU
		{C17A4115-F5E5-4EEC-A0CF-A052D158CF78}.Release|Any CPU.ActiveCfg = Release|Any CPU
		{C17A4115-F5E5-4EEC-A0CF-A052D158CF78}.Release|Any CPU.Build.0 = Release|Any CPU
		{DFC0A39A-743E-4863-A96B-F9384773695B}.Debug|Any CPU.ActiveCfg = Debug|Any CPU
		{DFC0A39A-743E-4863-A96B-F9384773695B}.Debug|Any CPU.Build.0 = Debug|Any CPU
		{DFC0A39A-743E-4863-A96B-F9384773695B}.Release|Any CPU.ActiveCfg = Release|Any CPU
		{DFC0A39A-743E-4863-A96B-F9384773695B}.Release|Any CPU.Build.0 = Release|Any CPU
		{1AA40C70-5E51-45B7-A066-2A2F30F50A8A}.Debug|Any CPU.ActiveCfg = Debug|Any CPU
		{1AA40C70-5E51-45B7-A066-2A2F30F50A8A}.Debug|Any CPU.Build.0 = Debug|Any CPU
		{1AA40C70-5E51-45B7-A066-2A2F30F50A8A}.Release|Any CPU.ActiveCfg = Release|Any CPU
		{1AA40C70-5E51-45B7-A066-2A2F30F50A8A}.Release|Any CPU.Build.0 = Release|Any CPU
	EndGlobalSection
	GlobalSection(SolutionProperties) = preSolution
		HideSolutionNode = FALSE
	EndGlobalSection
	GlobalSection(ExtensibilityGlobals) = postSolution
		SolutionGuid = {DFB14942-96D1-446D-A9A7-DF68DD81B240}
	EndGlobalSection
EndGlobal
